# THIS IS AN AUTOGENERATED FILE. DO NOT EDIT THIS FILE DIRECTLY.
# yarn lockfile v1


agent-base@^7.0.2:
  version "7.1.1"
  resolved "https://registry.yarnpkg.com/agent-base/-/agent-base-7.1.1.tgz#bdbded7dfb096b751a2a087eeeb9664725b2e317"
  integrity sha512-H0TSyFNDMomMNJQBn8wFV5YC/2eJ+VXECwOadZJT554xP6cODZHPX3H9QMQECxvrgiSOP1pHjy1sMWQVYJOUOA==
  dependencies:
    debug "^4.3.4"

bufferutil@^4.0.1:
  version "4.0.8"
  resolved "https://registry.yarnpkg.com/bufferutil/-/bufferutil-4.0.8.tgz#1de6a71092d65d7766c4d8a522b261a6e787e8ea"
  integrity sha512-4T53u4PdgsXqKaIctwF8ifXlRTTmEPJ8iEPWFdGZvcf7sbwYo6FKFEX9eNNAnzFZ7EzJAQ3CJeOtCRA4rDp7Pw==
  dependencies:
    node-gyp-build "^4.3.0"

debug@4, debug@^4.3.4:
  version "4.3.7"
  resolved "https://registry.yarnpkg.com/debug/-/debug-4.3.7.tgz#87945b4151a011d76d95a198d7111c865c360a52"
  integrity sha512-Er2nc/H7RrMXZBFCEim6TCmMk02Z8vLC2Rbi1KEBggpo0fS6l0S1nnapwmIi3yW/+GOJap1Krg4w0Hg80oCqgQ==
  dependencies:
    ms "^2.1.3"

https-proxy-agent@^7.0.4:
  version "7.0.5"
  resolved "https://registry.yarnpkg.com/https-proxy-agent/-/https-proxy-agent-7.0.5.tgz#9e8b5013873299e11fab6fd548405da2d6c602b2"
  integrity sha512-1e4Wqeblerz+tMKPIq2EMGiiWW1dIjZOksyHWSUm1rmuvw/how9hBHZ38lAGj5ID4Ik6EdkOw7NmWPy6LAwalw==
  dependencies:
    agent-base "^7.0.2"
    debug "4"

minimist@^1.2.0:
  version "1.2.8"
  resolved "https://registry.yarnpkg.com/minimist/-/minimist-1.2.8.tgz#c1a464e7693302e082a075cee0c057741ac4772c"
  integrity sha512-2yyAR8qBkN3YuheJanUpWC5U3bb5osDywNB8RzDVlDwDHbocAJveqqj1u8+SVD7jkWT4yvsHCpWqqWqAxb0zCA==

ms@^2.1.3:
  version "2.1.3"
  resolved "https://registry.yarnpkg.com/ms/-/ms-2.1.3.tgz#574c8138ce1d2b5861f0b44579dbadd60c6615b2"
  integrity sha512-6FlzubTLZG3J2a/NVCAleEhjzq5oxgHyaCU9yYXvcLsvoVaHJq/s5xXI6/XXP6tz7R9xAOtHnSO/tXtF3WRTlA==

node-gyp-build@^4.3.0:
  version "4.8.2"
  resolved "https://registry.yarnpkg.com/node-gyp-build/-/node-gyp-build-4.8.2.tgz#4f802b71c1ab2ca16af830e6c1ea7dd1ad9496fa"
  integrity sha512-IRUxE4BVsHWXkV/SFOut4qTlagw2aM8T5/vnTsmrHJvVoKueJHRc/JaFND7QDDc61kLYUJ6qlZM3sqTSyx2dTw==

prettier@^3.2.5:
  version "3.3.3"
  resolved "https://registry.yarnpkg.com/prettier/-/prettier-3.3.3.tgz#30c54fe0be0d8d12e6ae61dbb10109ea00d53105"
  integrity sha512-i2tDNA0O5IrMO757lfrdQZCc2jPNDVntV0m/+4whiDfWaTKfMNgR7Qz0NAeGz/nRqF4m5/6CLzbP4/liHt12Ew==

ws@^8.16.0:
  version "8.18.0"
  resolved "https://registry.yarnpkg.com/ws/-/ws-8.18.0.tgz#0d7505a6eafe2b0e712d232b42279f53bc289bbc"
  integrity sha512-8VbfWfHLbbwu3+N6OKsOMpBdT4kXPDDB9cJk2bJ6mh9ucxdlnNvH1e+roYkKmN9Nxw2yjz7VzeO9oOz2zJ04Pw==
